
Microsoft Visual Studio Solution File, Format Version 12.00
# Visual Studio Version 17
VisualStudioVersion = 17.14.36221.1
MinimumVisualStudioVersion = 10.0.40219.1
Project("{8BC9CEB8-8B4A-11D0-8D11-00A0C91BC942}") = "EjerciciosParcial2", "EjerciciosParcial2\EjerciciosParcial2.vcxproj", "{2BB9AE97-EA3B-42F0-89FA-C7D48CC0270E}"
EndProject
Project("{8BC9CEB8-8B4A-11D0-8D11-00A0C91BC942}") = "Programa2", "Programa2\Programa2.vcxproj", "{CD5DA49D-76B0-4C79-BC51-94D15C06FA65}"
EndProject
Project("{8BC9CEB8-8B4A-11D0-8D11-00A0C91BC942}") = "ejercicio1", "ejercicio1\ejercicio1.vcxproj", "{A5C90BF4-61FF-4C04-8ACE-FC8A20684043}"
EndProject
Project("{8BC9CEB8-8B4A-11D0-8D11-00A0C91BC942}") = "Ejercicio3", "Ejercicio3\Ejercicio3.vcxproj", "{4E0E0D62-6C2C-49B4-952F-BBEDAE088000}"
EndProject
Project("{8BC9CEB8-8B4A-11D0-8D11-00A0C91BC942}") = "Ejercicio4", "Ejercicio4\Ejercicio4.vcxproj", "{DBDD740E-CACB-4EC6-9927-0405FB68A15A}"
EndProject
Project("{8BC9CEB8-8B4A-11D0-8D11-00A0C91BC942}") = "Ejercicio5", "Ejercicio5\Ejercicio5.vcxproj", "{2B4F0267-1C6C-4FAC-9FAA-7E6C45983FA1}"
EndProject
Project("{8BC9CEB8-8B4A-11D0-8D11-00A0C91BC942}") = "Ejercicio6", "Ejercicio6\Ejercicio6.vcxproj", "{EE8F3B58-3AA6-448B-8675-AED550ECC22F}"
EndProject
Project("{8BC9CEB8-8B4A-11D0-8D11-00A0C91BC942}") = "Ejercicio 7", "Ejercicio 7\Ejercicio 7.vcxproj", "{77995440-A131-4CA7-87ED-57A4C0D79CF9}"
EndProject
Project("{888888A0-9F3D-457C-B088-3A5042F75D52}") = "Ejercicio8", "Ejercicio8\Ejercicio8.pyproj", "{C054ACB7-FAD6-4032-9337-A380DD1AFCD3}"
EndProject
Project("{888888A0-9F3D-457C-B088-3A5042F75D52}") = "Ejercicio9py", "Ejercicio9py\Ejercicio9py.pyproj", "{B89B0AA7-F32C-43B8-8889-66B7FCF6E37E}"
EndProject
Project("{888888A0-9F3D-457C-B088-3A5042F75D52}") = "Ejercicio10", "Ejercicio10\Ejercicio10.pyproj", "{962F03FD-3105-400D-934E-D3394F540362}"
EndProject
Project("{888888A0-9F3D-457C-B088-3A5042F75D52}") = "Ejercicio11", "Ejercicio11\Ejercicio11.pyproj", "{5D671FE6-51EF-48FE-9CBC-2599E65A7B62}"
EndProject
Project("{888888A0-9F3D-457C-B088-3A5042F75D52}") = "Ejercicio12", "Ejercicio12\Ejercicio12.pyproj", "{5D329934-AC05-4076-B1AA-8E6A35446220}"
EndProject
Project("{888888A0-9F3D-457C-B088-3A5042F75D52}") = "Ejercicio14", "Ejercicio14\Ejercicio14.pyproj", "{F708C35B-5823-4107-9B3F-6B3963CCFDCC}"
EndProject
Project("{888888A0-9F3D-457C-B088-3A5042F75D52}") = "Ejercicio15", "Ejercicio15\Ejercicio15.pyproj", "{4E451A46-6CAA-4CF2-A37E-FE690E216E0E}"
EndProject
Project("{888888A0-9F3D-457C-B088-3A5042F75D52}") = "Ejercicio16-Simplificacion-del-Ej15", "Ejercicio16-Simplificacion-del-Ej15\Ejercicio16-Simplificacion-del-Ej15.pyproj", "{1E3FD1CA-DBF6-409E-9260-A62E72BC6CE7}"
EndProject
Project("{888888A0-9F3D-457C-B088-3A5042F75D52}") = "Ejercicio17", "Ejercicio17\Ejercicio17.pyproj", "{CEDC3BF4-C875-4CF6-BAE7-5963A8B7F2DB}"
EndProject
Project("{888888A0-9F3D-457C-B088-3A5042F75D52}") = "Ejercicio18", "Ejercicio18\Ejercicio18.pyproj", "{1F5637B8-E087-4C42-88A1-7E3CBFDA018D}"
EndProject
Project("{888888A0-9F3D-457C-B088-3A5042F75D52}") = "Ejercicio13-condiciones", "Ejercicio13-condiciones\Ejercicio13-condiciones.pyproj", "{7A92A66C-2864-4426-B5D4-1CCA13F8D09D}"
EndProject
Project("{8BC9CEB8-8B4A-11D0-8D11-00A0C91BC942}") = "Ejercicio19", "Ejercicio19\Ejercicio19.vcxproj", "{1268EA0C-5F0F-4C62-A25F-E3D206CF2571}"
EndProject
Project("{888888A0-9F3D-457C-B088-3A5042F75D52}") = "Ejercicio20", "Ejercicio20\Ejercicio20.pyproj", "{6ACC41BE-F2AE-40A0-8613-366F4CA577DF}"
EndProject
Global
	GlobalSection(SolutionConfigurationPlatforms) = preSolution
		Debug|Any CPU = Debug|Any CPU
		Debug|x64 = Debug|x64
		Debug|x86 = Debug|x86
		Release|Any CPU = Release|Any CPU
		Release|x64 = Release|x64
		Release|x86 = Release|x86
	EndGlobalSection
	GlobalSection(ProjectConfigurationPlatforms) = postSolution
		{2BB9AE97-EA3B-42F0-89FA-C7D48CC0270E}.Debug|Any CPU.ActiveCfg = Debug|x64
		{2BB9AE97-EA3B-42F0-89FA-C7D48CC0270E}.Debug|Any CPU.Build.0 = Debug|x64
		{2BB9AE97-EA3B-42F0-89FA-C7D48CC0270E}.Debug|x64.ActiveCfg = Debug|x64
		{2BB9AE97-EA3B-42F0-89FA-C7D48CC0270E}.Debug|x64.Build.0 = Debug|x64
		{2BB9AE97-EA3B-42F0-89FA-C7D48CC0270E}.Debug|x86.ActiveCfg = Debug|Win32
		{2BB9AE97-EA3B-42F0-89FA-C7D48CC0270E}.Debug|x86.Build.0 = Debug|Win32
		{2BB9AE97-EA3B-42F0-89FA-C7D48CC0270E}.Release|Any CPU.ActiveCfg = Release|x64
		{2BB9AE97-EA3B-42F0-89FA-C7D48CC0270E}.Release|Any CPU.Build.0 = Release|x64
		{2BB9AE97-EA3B-42F0-89FA-C7D48CC0270E}.Release|x64.ActiveCfg = Release|x64
		{2BB9AE97-EA3B-42F0-89FA-C7D48CC0270E}.Release|x64.Build.0 = Release|x64
		{2BB9AE97-EA3B-42F0-89FA-C7D48CC0270E}.Release|x86.ActiveCfg = Release|Win32
		{2BB9AE97-EA3B-42F0-89FA-C7D48CC0270E}.Release|x86.Build.0 = Release|Win32
		{CD5DA49D-76B0-4C79-BC51-94D15C06FA65}.Debug|Any CPU.ActiveCfg = Debug|x64
		{CD5DA49D-76B0-4C79-BC51-94D15C06FA65}.Debug|Any CPU.Build.0 = Debug|x64
		{CD5DA49D-76B0-4C79-BC51-94D15C06FA65}.Debug|x64.ActiveCfg = Debug|x64
		{CD5DA49D-76B0-4C79-BC51-94D15C06FA65}.Debug|x64.Build.0 = Debug|x64
		{CD5DA49D-76B0-4C79-BC51-94D15C06FA65}.Debug|x86.ActiveCfg = Debug|Win32
		{CD5DA49D-76B0-4C79-BC51-94D15C06FA65}.Debug|x86.Build.0 = Debug|Win32
		{CD5DA49D-76B0-4C79-BC51-94D15C06FA65}.Release|Any CPU.ActiveCfg = Release|x64
		{CD5DA49D-76B0-4C79-BC51-94D15C06FA65}.Release|Any CPU.Build.0 = Release|x64
		{CD5DA49D-76B0-4C79-BC51-94D15C06FA65}.Release|x64.ActiveCfg = Release|x64
		{CD5DA49D-76B0-4C79-BC51-94D15C06FA65}.Release|x64.Build.0 = Release|x64
		{CD5DA49D-76B0-4C79-BC51-94D15C06FA65}.Release|x86.ActiveCfg = Release|Win32
		{CD5DA49D-76B0-4C79-BC51-94D15C06FA65}.Release|x86.Build.0 = Release|Win32
		{A5C90BF4-61FF-4C04-8ACE-FC8A20684043}.Debug|Any CPU.ActiveCfg = Debug|x64
		{A5C90BF4-61FF-4C04-8ACE-FC8A20684043}.Debug|Any CPU.Build.0 = Debug|x64
		{A5C90BF4-61FF-4C04-8ACE-FC8A20684043}.Debug|x64.ActiveCfg = Debug|x64
		{A5C90BF4-61FF-4C04-8ACE-FC8A20684043}.Debug|x64.Build.0 = Debug|x64
		{A5C90BF4-61FF-4C04-8ACE-FC8A20684043}.Debug|x86.ActiveCfg = Debug|Win32
		{A5C90BF4-61FF-4C04-8ACE-FC8A20684043}.Debug|x86.Build.0 = Debug|Win32
		{A5C90BF4-61FF-4C04-8ACE-FC8A20684043}.Release|Any CPU.ActiveCfg = Release|x64
		{A5C90BF4-61FF-4C04-8ACE-FC8A20684043}.Release|Any CPU.Build.0 = Release|x64
		{A5C90BF4-61FF-4C04-8ACE-FC8A20684043}.Release|x64.ActiveCfg = Release|x64
		{A5C90BF4-61FF-4C04-8ACE-FC8A20684043}.Release|x64.Build.0 = Release|x64
		{A5C90BF4-61FF-4C04-8ACE-FC8A20684043}.Release|x86.ActiveCfg = Release|Win32
		{A5C90BF4-61FF-4C04-8ACE-FC8A20684043}.Release|x86.Build.0 = Release|Win32
		{4E0E0D62-6C2C-49B4-952F-BBEDAE088000}.Debug|Any CPU.ActiveCfg = Debug|x64
		{4E0E0D62-6C2C-49B4-952F-BBEDAE088000}.Debug|Any CPU.Build.0 = Debug|x64
		{4E0E0D62-6C2C-49B4-952F-BBEDAE088000}.Debug|x64.ActiveCfg = Debug|x64
		{4E0E0D62-6C2C-49B4-952F-BBEDAE088000}.Debug|x64.Build.0 = Debug|x64
		{4E0E0D62-6C2C-49B4-952F-BBEDAE088000}.Debug|x86.ActiveCfg = Debug|Win32
		{4E0E0D62-6C2C-49B4-952F-BBEDAE088000}.Debug|x86.Build.0 = Debug|Win32
		{4E0E0D62-6C2C-49B4-952F-BBEDAE088000}.Release|Any CPU.ActiveCfg = Release|x64
		{4E0E0D62-6C2C-49B4-952F-BBEDAE088000}.Release|Any CPU.Build.0 = Release|x64
		{4E0E0D62-6C2C-49B4-952F-BBEDAE088000}.Release|x64.ActiveCfg = Release|x64
		{4E0E0D62-6C2C-49B4-952F-BBEDAE088000}.Release|x64.Build.0 = Release|x64
		{4E0E0D62-6C2C-49B4-952F-BBEDAE088000}.Release|x86.ActiveCfg = Release|Win32
		{4E0E0D62-6C2C-49B4-952F-BBEDAE088000}.Release|x86.Build.0 = Release|Win32
		{DBDD740E-CACB-4EC6-9927-0405FB68A15A}.Debug|Any CPU.ActiveCfg = Debug|x64
		{DBDD740E-CACB-4EC6-9927-0405FB68A15A}.Debug|Any CPU.Build.0 = Debug|x64
		{DBDD740E-CACB-4EC6-9927-0405FB68A15A}.Debug|x64.ActiveCfg = Debug|x64
		{DBDD740E-CACB-4EC6-9927-0405FB68A15A}.Debug|x64.Build.0 = Debug|x64
		{DBDD740E-CACB-4EC6-9927-0405FB68A15A}.Debug|x86.ActiveCfg = Debug|Win32
		{DBDD740E-CACB-4EC6-9927-0405FB68A15A}.Debug|x86.Build.0 = Debug|Win32
		{DBDD740E-CACB-4EC6-9927-0405FB68A15A}.Release|Any CPU.ActiveCfg = Release|x64
		{DBDD740E-CACB-4EC6-9927-0405FB68A15A}.Release|Any CPU.Build.0 = Release|x64
		{DBDD740E-CACB-4EC6-9927-0405FB68A15A}.Release|x64.ActiveCfg = Release|x64
		{DBDD740E-CACB-4EC6-9927-0405FB68A15A}.Release|x64.Build.0 = Release|x64
		{DBDD740E-CACB-4EC6-9927-0405FB68A15A}.Release|x86.ActiveCfg = Release|Win32
		{DBDD740E-CACB-4EC6-9927-0405FB68A15A}.Release|x86.Build.0 = Release|Win32
		{2B4F0267-1C6C-4FAC-9FAA-7E6C45983FA1}.Debug|Any CPU.ActiveCfg = Debug|x64
		{2B4F0267-1C6C-4FAC-9FAA-7E6C45983FA1}.Debug|Any CPU.Build.0 = Debug|x64
		{2B4F0267-1C6C-4FAC-9FAA-7E6C45983FA1}.Debug|x64.ActiveCfg = Debug|x64
		{2B4F0267-1C6C-4FAC-9FAA-7E6C45983FA1}.Debug|x64.Build.0 = Debug|x64
		{2B4F0267-1C6C-4FAC-9FAA-7E6C45983FA1}.Debug|x86.ActiveCfg = Debug|Win32
		{2B4F0267-1C6C-4FAC-9FAA-7E6C45983FA1}.Debug|x86.Build.0 = Debug|Win32
		{2B4F0267-1C6C-4FAC-9FAA-7E6C45983FA1}.Release|Any CPU.ActiveCfg = Release|x64
		{2B4F0267-1C6C-4FAC-9FAA-7E6C45983FA1}.Release|Any CPU.Build.0 = Release|x64
		{2B4F0267-1C6C-4FAC-9FAA-7E6C45983FA1}.Release|x64.ActiveCfg = Release|x64
		{2B4F0267-1C6C-4FAC-9FAA-7E6C45983FA1}.Release|x64.Build.0 = Release|x64
		{2B4F0267-1C6C-4FAC-9FAA-7E6C45983FA1}.Release|x86.ActiveCfg = Release|Win32
		{2B4F0267-1C6C-4FAC-9FAA-7E6C45983FA1}.Release|x86.Build.0 = Release|Win32
		{EE8F3B58-3AA6-448B-8675-AED550ECC22F}.Debug|Any CPU.ActiveCfg = Debug|x64
		{EE8F3B58-3AA6-448B-8675-AED550ECC22F}.Debug|Any CPU.Build.0 = Debug|x64
		{EE8F3B58-3AA6-448B-8675-AED550ECC22F}.Debug|x64.ActiveCfg = Debug|x64
		{EE8F3B58-3AA6-448B-8675-AED550ECC22F}.Debug|x64.Build.0 = Debug|x64
		{EE8F3B58-3AA6-448B-8675-AED550ECC22F}.Debug|x86.ActiveCfg = Debug|Win32
		{EE8F3B58-3AA6-448B-8675-AED550ECC22F}.Debug|x86.Build.0 = Debug|Win32
		{EE8F3B58-3AA6-448B-8675-AED550ECC22F}.Release|Any CPU.ActiveCfg = Release|x64
		{EE8F3B58-3AA6-448B-8675-AED550ECC22F}.Release|Any CPU.Build.0 = Release|x64
		{EE8F3B58-3AA6-448B-8675-AED550ECC22F}.Release|x64.ActiveCfg = Release|x64
		{EE8F3B58-3AA6-448B-8675-AED550ECC22F}.Release|x64.Build.0 = Release|x64
		{EE8F3B58-3AA6-448B-8675-AED550ECC22F}.Release|x86.ActiveCfg = Release|Win32
		{EE8F3B58-3AA6-448B-8675-AED550ECC22F}.Release|x86.Build.0 = Release|Win32
		{77995440-A131-4CA7-87ED-57A4C0D79CF9}.Debug|Any CPU.ActiveCfg = Debug|x64
		{77995440-A131-4CA7-87ED-57A4C0D79CF9}.Debug|Any CPU.Build.0 = Debug|x64
		{77995440-A131-4CA7-87ED-57A4C0D79CF9}.Debug|x64.ActiveCfg = Debug|x64
		{77995440-A131-4CA7-87ED-57A4C0D79CF9}.Debug|x64.Build.0 = Debug|x64
		{77995440-A131-4CA7-87ED-57A4C0D79CF9}.Debug|x86.ActiveCfg = Debug|Win32
		{77995440-A131-4CA7-87ED-57A4C0D79CF9}.Debug|x86.Build.0 = Debug|Win32
		{77995440-A131-4CA7-87ED-57A4C0D79CF9}.Release|Any CPU.ActiveCfg = Release|x64
		{77995440-A131-4CA7-87ED-57A4C0D79CF9}.Release|Any CPU.Build.0 = Release|x64
		{77995440-A131-4CA7-87ED-57A4C0D79CF9}.Release|x64.ActiveCfg = Release|x64
		{77995440-A131-4CA7-87ED-57A4C0D79CF9}.Release|x64.Build.0 = Release|x64
		{77995440-A131-4CA7-87ED-57A4C0D79CF9}.Release|x86.ActiveCfg = Release|Win32
		{77995440-A131-4CA7-87ED-57A4C0D79CF9}.Release|x86.Build.0 = Release|Win32
		{C054ACB7-FAD6-4032-9337-A380DD1AFCD3}.Debug|Any CPU.ActiveCfg = Debug|Any CPU
		{C054ACB7-FAD6-4032-9337-A380DD1AFCD3}.Debug|x64.ActiveCfg = Debug|Any CPU
		{C054ACB7-FAD6-4032-9337-A380DD1AFCD3}.Debug|x86.ActiveCfg = Debug|Any CPU
		{C054ACB7-FAD6-4032-9337-A380DD1AFCD3}.Release|Any CPU.ActiveCfg = Release|Any CPU
		{C054ACB7-FAD6-4032-9337-A380DD1AFCD3}.Release|x64.ActiveCfg = Release|Any CPU
		{C054ACB7-FAD6-4032-9337-A380DD1AFCD3}.Release|x86.ActiveCfg = Release|Any CPU
		{B89B0AA7-F32C-43B8-8889-66B7FCF6E37E}.Debug|Any CPU.ActiveCfg = Debug|Any CPU
		{B89B0AA7-F32C-43B8-8889-66B7FCF6E37E}.Debug|x64.ActiveCfg = Debug|Any CPU
		{B89B0AA7-F32C-43B8-8889-66B7FCF6E37E}.Debug|x86.ActiveCfg = Debug|Any CPU
		{B89B0AA7-F32C-43B8-8889-66B7FCF6E37E}.Release|Any CPU.ActiveCfg = Release|Any CPU
		{B89B0AA7-F32C-43B8-8889-66B7FCF6E37E}.Release|x64.ActiveCfg = Release|Any CPU
		{B89B0AA7-F32C-43B8-8889-66B7FCF6E37E}.Release|x86.ActiveCfg = Release|Any CPU
		{962F03FD-3105-400D-934E-D3394F540362}.Debug|Any CPU.ActiveCfg = Debug|Any CPU
		{962F03FD-3105-400D-934E-D3394F540362}.Debug|x64.ActiveCfg = Debug|Any CPU
		{962F03FD-3105-400D-934E-D3394F540362}.Debug|x86.ActiveCfg = Debug|Any CPU
		{962F03FD-3105-400D-934E-D3394F540362}.Release|Any CPU.ActiveCfg = Release|Any CPU
		{962F03FD-3105-400D-934E-D3394F540362}.Release|x64.ActiveCfg = Release|Any CPU
		{962F03FD-3105-400D-934E-D3394F540362}.Release|x86.ActiveCfg = Release|Any CPU
		{5D671FE6-51EF-48FE-9CBC-2599E65A7B62}.Debug|Any CPU.ActiveCfg = Debug|Any CPU
		{5D671FE6-51EF-48FE-9CBC-2599E65A7B62}.Debug|x64.ActiveCfg = Debug|Any CPU
		{5D671FE6-51EF-48FE-9CBC-2599E65A7B62}.Debug|x86.ActiveCfg = Debug|Any CPU
		{5D671FE6-51EF-48FE-9CBC-2599E65A7B62}.Release|Any CPU.ActiveCfg = Release|Any CPU
		{5D671FE6-51EF-48FE-9CBC-2599E65A7B62}.Release|x64.ActiveCfg = Release|Any CPU
		{5D671FE6-51EF-48FE-9CBC-2599E65A7B62}.Release|x86.ActiveCfg = Release|Any CPU
		{5D329934-AC05-4076-B1AA-8E6A35446220}.Debug|Any CPU.ActiveCfg = Debug|Any CPU
		{5D329934-AC05-4076-B1AA-8E6A35446220}.Debug|x64.ActiveCfg = Debug|Any CPU
		{5D329934-AC05-4076-B1AA-8E6A35446220}.Debug|x86.ActiveCfg = Debug|Any CPU
		{5D329934-AC05-4076-B1AA-8E6A35446220}.Release|Any CPU.ActiveCfg = Release|Any CPU
		{5D329934-AC05-4076-B1AA-8E6A35446220}.Release|x64.ActiveCfg = Release|Any CPU
		{5D329934-AC05-4076-B1AA-8E6A35446220}.Release|x86.ActiveCfg = Release|Any CPU
		{F708C35B-5823-4107-9B3F-6B3963CCFDCC}.Debug|Any CPU.ActiveCfg = Debug|Any CPU
		{F708C35B-5823-4107-9B3F-6B3963CCFDCC}.Debug|x64.ActiveCfg = Debug|Any CPU
		{F708C35B-5823-4107-9B3F-6B3963CCFDCC}.Debug|x86.ActiveCfg = Debug|Any CPU
		{F708C35B-5823-4107-9B3F-6B3963CCFDCC}.Release|Any CPU.ActiveCfg = Release|Any CPU
		{F708C35B-5823-4107-9B3F-6B3963CCFDCC}.Release|x64.ActiveCfg = Release|Any CPU
		{F708C35B-5823-4107-9B3F-6B3963CCFDCC}.Release|x86.ActiveCfg = Release|Any CPU
		{4E451A46-6CAA-4CF2-A37E-FE690E216E0E}.Debug|Any CPU.ActiveCfg = Debug|Any CPU
		{4E451A46-6CAA-4CF2-A37E-FE690E216E0E}.Debug|x64.ActiveCfg = Debug|Any CPU
		{4E451A46-6CAA-4CF2-A37E-FE690E216E0E}.Debug|x86.ActiveCfg = Debug|Any CPU
		{4E451A46-6CAA-4CF2-A37E-FE690E216E0E}.Release|Any CPU.ActiveCfg = Release|Any CPU
		{4E451A46-6CAA-4CF2-A37E-FE690E216E0E}.Release|x64.ActiveCfg = Release|Any CPU
		{4E451A46-6CAA-4CF2-A37E-FE690E216E0E}.Release|x86.ActiveCfg = Release|Any CPU
		{1E3FD1CA-DBF6-409E-9260-A62E72BC6CE7}.Debug|Any CPU.ActiveCfg = Debug|Any CPU
		{1E3FD1CA-DBF6-409E-9260-A62E72BC6CE7}.Debug|x64.ActiveCfg = Debug|Any CPU
		{1E3FD1CA-DBF6-409E-9260-A62E72BC6CE7}.Debug|x86.ActiveCfg = Debug|Any CPU
		{1E3FD1CA-DBF6-409E-9260-A62E72BC6CE7}.Release|Any CPU.ActiveCfg = Release|Any CPU
		{1E3FD1CA-DBF6-409E-9260-A62E72BC6CE7}.Release|x64.ActiveCfg = Release|Any CPU
		{1E3FD1CA-DBF6-409E-9260-A62E72BC6CE7}.Release|x86.ActiveCfg = Release|Any CPU
		{CEDC3BF4-C875-4CF6-BAE7-5963A8B7F2DB}.Debug|Any CPU.ActiveCfg = Debug|Any CPU
		{CEDC3BF4-C875-4CF6-BAE7-5963A8B7F2DB}.Debug|x64.ActiveCfg = Debug|Any CPU
		{CEDC3BF4-C875-4CF6-BAE7-5963A8B7F2DB}.Debug|x86.ActiveCfg = Debug|Any CPU
		{CEDC3BF4-C875-4CF6-BAE7-5963A8B7F2DB}.Release|Any CPU.ActiveCfg = Release|Any CPU
		{CEDC3BF4-C875-4CF6-BAE7-5963A8B7F2DB}.Release|x64.ActiveCfg = Release|Any CPU
		{CEDC3BF4-C875-4CF6-BAE7-5963A8B7F2DB}.Release|x86.ActiveCfg = Release|Any CPU
		{1F5637B8-E087-4C42-88A1-7E3CBFDA018D}.Debug|Any CPU.ActiveCfg = Debug|Any CPU
		{1F5637B8-E087-4C42-88A1-7E3CBFDA018D}.Debug|x64.ActiveCfg = Debug|Any CPU
		{1F5637B8-E087-4C42-88A1-7E3CBFDA018D}.Debug|x86.ActiveCfg = Debug|Any CPU
		{1F5637B8-E087-4C42-88A1-7E3CBFDA018D}.Release|Any CPU.ActiveCfg = Release|Any CPU
		{1F5637B8-E087-4C42-88A1-7E3CBFDA018D}.Release|x64.ActiveCfg = Release|Any CPU
		{1F5637B8-E087-4C42-88A1-7E3CBFDA018D}.Release|x86.ActiveCfg = Release|Any CPU
		{7A92A66C-2864-4426-B5D4-1CCA13F8D09D}.Debug|Any CPU.ActiveCfg = Debug|Any CPU
		{7A92A66C-2864-4426-B5D4-1CCA13F8D09D}.Debug|x64.ActiveCfg = Debug|Any CPU
		{7A92A66C-2864-4426-B5D4-1CCA13F8D09D}.Debug|x86.ActiveCfg = Debug|Any CPU
		{7A92A66C-2864-4426-B5D4-1CCA13F8D09D}.Release|Any CPU.ActiveCfg = Release|Any CPU
		{7A92A66C-2864-4426-B5D4-1CCA13F8D09D}.Release|x64.ActiveCfg = Release|Any CPU
		{7A92A66C-2864-4426-B5D4-1CCA13F8D09D}.Release|x86.ActiveCfg = Release|Any CPU
		{1268EA0C-5F0F-4C62-A25F-E3D206CF2571}.Debug|Any CPU.ActiveCfg = Debug|x64
		{1268EA0C-5F0F-4C62-A25F-E3D206CF2571}.Debug|Any CPU.Build.0 = Debug|x64
		{1268EA0C-5F0F-4C62-A25F-E3D206CF2571}.Debug|x64.ActiveCfg = Debug|x64
		{1268EA0C-5F0F-4C62-A25F-E3D206CF2571}.Debug|x64.Build.0 = Debug|x64
		{1268EA0C-5F0F-4C62-A25F-E3D206CF2571}.Debug|x86.ActiveCfg = Debug|Win32
		{1268EA0C-5F0F-4C62-A25F-E3D206CF2571}.Debug|x86.Build.0 = Debug|Win32
		{1268EA0C-5F0F-4C62-A25F-E3D206CF2571}.Release|Any CPU.ActiveCfg = Release|x64
		{1268EA0C-5F0F-4C62-A25F-E3D206CF2571}.Release|Any CPU.Build.0 = Release|x64
		{1268EA0C-5F0F-4C62-A25F-E3D206CF2571}.Release|x64.ActiveCfg = Release|x64
		{1268EA0C-5F0F-4C62-A25F-E3D206CF2571}.Release|x64.Build.0 = Release|x64
		{1268EA0C-5F0F-4C62-A25F-E3D206CF2571}.Release|x86.ActiveCfg = Release|Win32
		{1268EA0C-5F0F-4C62-A25F-E3D206CF2571}.Release|x86.Build.0 = Release|Win32
		{6ACC41BE-F2AE-40A0-8613-366F4CA577DF}.Debug|Any CPU.ActiveCfg = Debug|Any CPU
		{6ACC41BE-F2AE-40A0-8613-366F4CA577DF}.Debug|x64.ActiveCfg = Debug|Any CPU
		{6ACC41BE-F2AE-40A0-8613-366F4CA577DF}.Debug|x86.ActiveCfg = Debug|Any CPU
		{6ACC41BE-F2AE-40A0-8613-366F4CA577DF}.Release|Any CPU.ActiveCfg = Release|Any CPU
		{6ACC41BE-F2AE-40A0-8613-366F4CA577DF}.Release|x64.ActiveCfg = Release|Any CPU
		{6ACC41BE-F2AE-40A0-8613-366F4CA577DF}.Release|x86.ActiveCfg = Release|Any CPU
	EndGlobalSection
	GlobalSection(SolutionProperties) = preSolution
		HideSolutionNode = FALSE
	EndGlobalSection
	GlobalSection(ExtensibilityGlobals) = postSolution
		SolutionGuid = {6DDE3696-F36C-4429-A2E7-EDD0CA6BEC19}
	EndGlobalSection
EndGlobal
